
Microsoft Visual Studio Solution File, Format Version 12.00
# Visual Studio Version 16
VisualStudioVersion = 16.0.29920.165
MinimumVisualStudioVersion = 10.0.40219.1
Project("{9A19103F-16F7-4668-BE54-9A1E7A4F7556}") = "MVCTrial.Core", "MVCTrial.Core\MVCTrial.Core.csproj", "{B8E12774-F194-42A5-BFCB-4B6A18A08020}"
EndProject
Project("{9A19103F-16F7-4668-BE54-9A1E7A4F7556}") = "MVCTrial.Data", "MVCTrial.Data\MVCTrial.Data.csproj", "{FC6FEC86-F16B-4F3D-BE7E-FD8A2F301304}"
EndProject
Project("{9A19103F-16F7-4668-BE54-9A1E7A4F7556}") = "MVCTrial.Web", "MVCTrial.Web\MVCTrial.Web.csproj", "{66ABA27A-DC63-4ECA-AD26-A341BAE7FA17}"
EndProject
Project("{9A19103F-16F7-4668-BE54-9A1E7A4F7556}") = "MVCTrial.React", "MVCTrial.React\MVCTrial.React.csproj", "{CAC84D51-DD4F-4BB1-9A1A-0F36BD77D985}"
EndProject
Project("{FAE04EC0-301F-11D3-BF4B-00C04F79EFBC}") = "MVCTRial.RazorPages", "MVCTRial.RazorPages\MVCTRial.RazorPages.csproj", "{5BD2285F-0F93-40E4-87EA-5AC896DAAFC0}"
EndProject
Global
	GlobalSection(SolutionConfigurationPlatforms) = preSolution
		Debug|Any CPU = Debug|Any CPU
		Release|Any CPU = Release|Any CPU
	EndGlobalSection
	GlobalSection(ProjectConfigurationPlatforms) = postSolution
		{B8E12774-F194-42A5-BFCB-4B6A18A08020}.Debug|Any CPU.ActiveCfg = Debug|Any CPU
		{B8E12774-F194-42A5-BFCB-4B6A18A08020}.Debug|Any CPU.Build.0 = Debug|Any CPU
		{B8E12774-F194-42A5-BFCB-4B6A18A08020}.Release|Any CPU.ActiveCfg = Release|Any CPU
		{B8E12774-F194-42A5-BFCB-4B6A18A08020}.Release|Any CPU.Build.0 = Release|Any CPU
		{FC6FEC86-F16B-4F3D-BE7E-FD8A2F301304}.Debug|Any CPU.ActiveCfg = Debug|Any CPU
		{FC6FEC86-F16B-4F3D-BE7E-FD8A2F301304}.Debug|Any CPU.Build.0 = Debug|Any CPU
		{FC6FEC86-F16B-4F3D-BE7E-FD8A2F301304}.Release|Any CPU.ActiveCfg = Release|Any CPU
		{FC6FEC86-F16B-4F3D-BE7E-FD8A2F301304}.Release|Any CPU.Build.0 = Release|Any CPU
		{66ABA27A-DC63-4ECA-AD26-A341BAE7FA17}.Debug|Any CPU.ActiveCfg = Debug|Any CPU
		{66ABA27A-DC63-4ECA-AD26-A341BAE7FA17}.Debug|Any CPU.Build.0 = Debug|Any CPU
		{66ABA27A-DC63-4ECA-AD26-A341BAE7FA17}.Release|Any CPU.ActiveCfg = Release|Any CPU
		{66ABA27A-DC63-4ECA-AD26-A341BAE7FA17}.Release|Any CPU.Build.0 = Release|Any CPU
		{CAC84D51-DD4F-4BB1-9A1A-0F36BD77D985}.Debug|Any CPU.ActiveCfg = Debug|Any CPU
		{CAC84D51-DD4F-4BB1-9A1A-0F36BD77D985}.Debug|Any CPU.Build.0 = Debug|Any CPU
		{CAC84D51-DD4F-4BB1-9A1A-0F36BD77D985}.Release|Any CPU.ActiveCfg = Release|Any CPU
		{CAC84D51-DD4F-4BB1-9A1A-0F36BD77D985}.Release|Any CPU.Build.0 = Release|Any CPU
		{5BD2285F-0F93-40E4-87EA-5AC896DAAFC0}.Debug|Any CPU.ActiveCfg = Debug|Any CPU
		{5BD2285F-0F93-40E4-87EA-5AC896DAAFC0}.Debug|Any CPU.Build.0 = Debug|Any CPU
		{5BD2285F-0F93-40E4-87EA-5AC896DAAFC0}.Release|Any CPU.ActiveCfg = Release|Any CPU
		{5BD2285F-0F93-40E4-87EA-5AC896DAAFC0}.Release|Any CPU.Build.0 = Release|Any CPU
	EndGlobalSection
	GlobalSection(SolutionProperties) = preSolution
		HideSolutionNode = FALSE
	EndGlobalSection
	GlobalSection(ExtensibilityGlobals) = postSolution
		SolutionGuid = {4631E990-E592-44B5-9F18-431203D0BB09}
	EndGlobalSection
EndGlobal
